
Microsoft Visual Studio Solution File, Format Version 12.00
# Visual Studio Version 16
VisualStudioVersion = 16.0.30517.126
MinimumVisualStudioVersion = 10.0.40219.1
Project("{FAE04EC0-301F-11D3-BF4B-00C04F79EFBC}") = "SimpleTodo", "SimpleTodo\SimpleTodo.csproj", "{518C7972-FD0B-4B9F-860A-8B9333FE4B4B}"
EndProject
Global
	GlobalSection(SolutionConfigurationPlatforms) = preSolution
		Debug|Any CPU = Debug|Any CPU
		Release|Any CPU = Release|Any CPU
	EndGlobalSection
	GlobalSection(ProjectConfigurationPlatforms) = postSolution
		{518C7972-FD0B-4B9F-860A-8B9333FE4B4B}.Debug|Any CPU.ActiveCfg = Debug|Any CPU
		{518C7972-FD0B-4B9F-860A-8B9333FE4B4B}.Debug|Any CPU.Build.0 = Debug|Any CPU
		{518C7972-FD0B-4B9F-860A-8B9333FE4B4B}.Release|Any CPU.ActiveCfg = Release|Any CPU
		{518C7972-FD0B-4B9F-860A-8B9333FE4B4B}.Release|Any CPU.Build.0 = Release|Any CPU
	EndGlobalSection
	GlobalSection(SolutionProperties) = preSolution
		HideSolutionNode = FALSE
	EndGlobalSection
	GlobalSection(ExtensibilityGlobals) = postSolution
		SolutionGuid = {0BA77C5E-B5C7-466E-9509-A188DF750B47}
	EndGlobalSection
EndGlobal
